
Microsoft Visual Studio Solution File, Format Version 12.00
# Visual Studio Version 17
VisualStudioVersion = 17.0.31903.59
MinimumVisualStudioVersion = 10.0.40219.1
Project("{FAE04EC0-301F-11D3-BF4B-00C04F79EFBC}") = "GameFundManager.API", "GameFundManager.API\GameFundManager.API.csproj", "{47CD05BB-D7C7-49E1-A553-E23EAFD146B2}"
EndProject
Project("{FAE04EC0-301F-11D3-BF4B-00C04F79EFBC}") = "GameFundManager.Core", "GameFundManager.Core\GameFundManager.Core.csproj", "{C22D54BD-7823-4E64-A8D8-30ED57B45BBB}"
EndProject
Project("{FAE04EC0-301F-11D3-BF4B-00C04F79EFBC}") = "GameFundManager.Infrastructure", "GameFundManager.Infrastructure\GameFundManager.Infrastructure.csproj", "{2FD184AF-1125-4DAC-A775-8D720360C96F}"
EndProject
Project("{FAE04EC0-301F-11D3-BF4B-00C04F79EFBC}") = "GameFundManager.Application", "GameFundManager.Application\GameFundManager.Application.csproj", "{C3AF6569-749D-463F-AC0B-A794C85C85FE}"
EndProject
Global
	GlobalSection(SolutionConfigurationPlatforms) = preSolution
		Debug|Any CPU = Debug|Any CPU
		Release|Any CPU = Release|Any CPU
	EndGlobalSection
	GlobalSection(SolutionProperties) = preSolution
		HideSolutionNode = FALSE
	EndGlobalSection
	GlobalSection(ProjectConfigurationPlatforms) = postSolution
		{47CD05BB-D7C7-49E1-A553-E23EAFD146B2}.Debug|Any CPU.ActiveCfg = Debug|Any CPU
		{47CD05BB-D7C7-49E1-A553-E23EAFD146B2}.Debug|Any CPU.Build.0 = Debug|Any CPU
		{47CD05BB-D7C7-49E1-A553-E23EAFD146B2}.Release|Any CPU.ActiveCfg = Release|Any CPU
		{47CD05BB-D7C7-49E1-A553-E23EAFD146B2}.Release|Any CPU.Build.0 = Release|Any CPU
		{C22D54BD-7823-4E64-A8D8-30ED57B45BBB}.Debug|Any CPU.ActiveCfg = Debug|Any CPU
		{C22D54BD-7823-4E64-A8D8-30ED57B45BBB}.Debug|Any CPU.Build.0 = Debug|Any CPU
		{C22D54BD-7823-4E64-A8D8-30ED57B45BBB}.Release|Any CPU.ActiveCfg = Release|Any CPU
		{C22D54BD-7823-4E64-A8D8-30ED57B45BBB}.Release|Any CPU.Build.0 = Release|Any CPU
		{2FD184AF-1125-4DAC-A775-8D720360C96F}.Debug|Any CPU.ActiveCfg = Debug|Any CPU
		{2FD184AF-1125-4DAC-A775-8D720360C96F}.Debug|Any CPU.Build.0 = Debug|Any CPU
		{2FD184AF-1125-4DAC-A775-8D720360C96F}.Release|Any CPU.ActiveCfg = Release|Any CPU
		{2FD184AF-1125-4DAC-A775-8D720360C96F}.Release|Any CPU.Build.0 = Release|Any CPU
		{C3AF6569-749D-463F-AC0B-A794C85C85FE}.Debug|Any CPU.ActiveCfg = Debug|Any CPU
		{C3AF6569-749D-463F-AC0B-A794C85C85FE}.Debug|Any CPU.Build.0 = Debug|Any CPU
		{C3AF6569-749D-463F-AC0B-A794C85C85FE}.Release|Any CPU.ActiveCfg = Release|Any CPU
		{C3AF6569-749D-463F-AC0B-A794C85C85FE}.Release|Any CPU.Build.0 = Release|Any CPU
	EndGlobalSection
EndGlobal
